
Microsoft Visual Studio Solution File, Format Version 12.00
# Visual Studio Version 16
VisualStudioVersion = 16.0.30717.126
MinimumVisualStudioVersion = 10.0.40219.1
Project("{FAE04EC0-301F-11D3-BF4B-00C04F79EFBC}") = "ChessPlaying.API", "ChessPlaying.API\ChessPlaying.API.csproj", "{EA11F433-C9D9-486D-92ED-9759AFFCF2D8}"
EndProject
Project("{FAE04EC0-301F-11D3-BF4B-00C04F79EFBC}") = "Thrones.Gaming.Chess", "Thrones.Gaming.Chess\Thrones.Gaming.Chess.csproj", "{8FEF5896-EC5C-4D95-ABCC-131C292E4C10}"
EndProject
Global
	GlobalSection(SolutionConfigurationPlatforms) = preSolution
		Debug|Any CPU = Debug|Any CPU
		Release|Any CPU = Release|Any CPU
	EndGlobalSection
	GlobalSection(ProjectConfigurationPlatforms) = postSolution
		{EA11F433-C9D9-486D-92ED-9759AFFCF2D8}.Debug|Any CPU.ActiveCfg = Debug|Any CPU
		{EA11F433-C9D9-486D-92ED-9759AFFCF2D8}.Debug|Any CPU.Build.0 = Debug|Any CPU
		{EA11F433-C9D9-486D-92ED-9759AFFCF2D8}.Release|Any CPU.ActiveCfg = Release|Any CPU
		{EA11F433-C9D9-486D-92ED-9759AFFCF2D8}.Release|Any CPU.Build.0 = Release|Any CPU
		{8FEF5896-EC5C-4D95-ABCC-131C292E4C10}.Debug|Any CPU.ActiveCfg = Debug|Any CPU
		{8FEF5896-EC5C-4D95-ABCC-131C292E4C10}.Debug|Any CPU.Build.0 = Debug|Any CPU
		{8FEF5896-EC5C-4D95-ABCC-131C292E4C10}.Release|Any CPU.ActiveCfg = Release|Any CPU
		{8FEF5896-EC5C-4D95-ABCC-131C292E4C10}.Release|Any CPU.Build.0 = Release|Any CPU
	EndGlobalSection
	GlobalSection(SolutionProperties) = preSolution
		HideSolutionNode = FALSE
	EndGlobalSection
	GlobalSection(ExtensibilityGlobals) = postSolution
		SolutionGuid = {945EBD5C-4C73-4666-8B87-EBBF18A46129}
	EndGlobalSection
EndGlobal
